// !$*UTF8*$!
{
	archiveVersion = 1;
	classes = {
	};
	objectVersion = 56;
	objects = {

/* Begin PBXBuildFile section */
		54A23D0B2AC65625007A7554 /* AppDelegate.swift in Sources */ = {isa = PBXBuildFile; fileRef = 54A23D0A2AC65625007A7554 /* AppDelegate.swift */; };
		54A23D0D2AC65625007A7554 /* SceneDelegate.swift in Sources */ = {isa = PBXBuildFile; fileRef = 54A23D0C2AC65625007A7554 /* SceneDelegate.swift */; };
		54A23D0F2AC65625007A7554 /* RosterViewController.swift in Sources */ = {isa = PBXBuildFile; fileRef = 54A23D0E2AC65625007A7554 /* RosterViewController.swift */; };
		54A23D122AC65625007A7554 /* Main.storyboard in Resources */ = {isa = PBXBuildFile; fileRef = 54A23D102AC65625007A7554 /* Main.storyboard */; };
		54A23D152AC65625007A7554 /* RealTime_NFL.xcdatamodeld in Sources */ = {isa = PBXBuildFile; fileRef = 54A23D132AC65625007A7554 /* RealTime_NFL.xcdatamodeld */; };
		54A23D172AC65626007A7554 /* Assets.xcassets in Resources */ = {isa = PBXBuildFile; fileRef = 54A23D162AC65626007A7554 /* Assets.xcassets */; };
		54A23D1A2AC65626007A7554 /* LaunchScreen.storyboard in Resources */ = {isa = PBXBuildFile; fileRef = 54A23D182AC65626007A7554 /* LaunchScreen.storyboard */; };
		54A23D222AC65E5B007A7554 /* NetworkManager.swift in Sources */ = {isa = PBXBuildFile; fileRef = 54A23D212AC65E5B007A7554 /* NetworkManager.swift */; };
		54A23D242AC667B4007A7554 /* Player.swift in Sources */ = {isa = PBXBuildFile; fileRef = 54A23D232AC667B4007A7554 /* Player.swift */; };
		54A23D262AC670B7007A7554 /* CBError.swift in Sources */ = {isa = PBXBuildFile; fileRef = 54A23D252AC670B7007A7554 /* CBError.swift */; };
		54A23D282ACCD9C5007A7554 /* HomeViewController.swift in Sources */ = {isa = PBXBuildFile; fileRef = 54A23D272ACCD9C5007A7554 /* HomeViewController.swift */; };
		54A23D2A2ACE6AE3007A7554 /* Team.swift in Sources */ = {isa = PBXBuildFile; fileRef = 54A23D292ACE6AE3007A7554 /* Team.swift */; };
		54A23D2C2ACF0E4A007A7554 /* TeamsManager.swift in Sources */ = {isa = PBXBuildFile; fileRef = 54A23D2B2ACF0E4A007A7554 /* TeamsManager.swift */; };
		54A23D2E2ACFA7DB007A7554 /* TeamViewController.swift in Sources */ = {isa = PBXBuildFile; fileRef = 54A23D2D2ACFA7DB007A7554 /* TeamViewController.swift */; };
/* End PBXBuildFile section */

/* Begin PBXFileReference section */
		54A23D072AC65625007A7554 /* RealTime NFL.app */ = {isa = PBXFileReference; explicitFileType = wrapper.application; includeInIndex = 0; path = "RealTime NFL.app"; sourceTree = BUILT_PRODUCTS_DIR; };
		54A23D0A2AC65625007A7554 /* AppDelegate.swift */ = {isa = PBXFileReference; lastKnownFileType = sourcecode.swift; path = AppDelegate.swift; sourceTree = "<group>"; };
		54A23D0C2AC65625007A7554 /* SceneDelegate.swift */ = {isa = PBXFileReference; lastKnownFileType = sourcecode.swift; path = SceneDelegate.swift; sourceTree = "<group>"; };
		54A23D0E2AC65625007A7554 /* RosterViewController.swift */ = {isa = PBXFileReference; lastKnownFileType = sourcecode.swift; path = RosterViewController.swift; sourceTree = "<group>"; };
		54A23D112AC65625007A7554 /* Base */ = {isa = PBXFileReference; lastKnownFileType = file.storyboard; name = Base; path = Base.lproj/Main.storyboard; sourceTree = "<group>"; };
		54A23D142AC65625007A7554 /* RealTime_NFL.xcdatamodel */ = {isa = PBXFileReference; lastKnownFileType = wrapper.xcdatamodel; path = RealTime_NFL.xcdatamodel; sourceTree = "<group>"; };
		54A23D162AC65626007A7554 /* Assets.xcassets */ = {isa = PBXFileReference; lastKnownFileType = folder.assetcatalog; path = Assets.xcassets; sourceTree = "<group>"; };
		54A23D192AC65626007A7554 /* Base */ = {isa = PBXFileReference; lastKnownFileType = file.storyboard; name = Base; path = Base.lproj/LaunchScreen.storyboard; sourceTree = "<group>"; };
		54A23D1B2AC65626007A7554 /* Info.plist */ = {isa = PBXFileReference; lastKnownFileType = text.plist.xml; path = Info.plist; sourceTree = "<group>"; };
		54A23D212AC65E5B007A7554 /* NetworkManager.swift */ = {isa = PBXFileReference; lastKnownFileType = sourcecode.swift; path = NetworkManager.swift; sourceTree = "<group>"; };
		54A23D232AC667B4007A7554 /* Player.swift */ = {isa = PBXFileReference; lastKnownFileType = sourcecode.swift; path = Player.swift; sourceTree = "<group>"; };
		54A23D252AC670B7007A7554 /* CBError.swift */ = {isa = PBXFileReference; lastKnownFileType = sourcecode.swift; path = CBError.swift; sourceTree = "<group>"; };
		54A23D272ACCD9C5007A7554 /* HomeViewController.swift */ = {isa = PBXFileReference; lastKnownFileType = sourcecode.swift; path = HomeViewController.swift; sourceTree = "<group>"; };
		54A23D292ACE6AE3007A7554 /* Team.swift */ = {isa = PBXFileReference; lastKnownFileType = sourcecode.swift; path = Team.swift; sourceTree = "<group>"; };
		54A23D2B2ACF0E4A007A7554 /* TeamsManager.swift */ = {isa = PBXFileReference; lastKnownFileType = sourcecode.swift; path = TeamsManager.swift; sourceTree = "<group>"; };
		54A23D2D2ACFA7DB007A7554 /* TeamViewController.swift */ = {isa = PBXFileReference; lastKnownFileType = sourcecode.swift; path = TeamViewController.swift; sourceTree = "<group>"; };
/* End PBXFileReference section */

/* Begin PBXFrameworksBuildPhase section */
		54A23D042AC65625007A7554 /* Frameworks */ = {
			isa = PBXFrameworksBuildPhase;
			buildActionMask = 2147483647;
			files = (
			);
			runOnlyForDeploymentPostprocessing = 0;
		};
/* End PBXFrameworksBuildPhase section */

/* Begin PBXGroup section */
		54A23CFE2AC65625007A7554 = {
			isa = PBXGroup;
			children = (
				54A23D092AC65625007A7554 /* RealTime NFL */,
				54A23D082AC65625007A7554 /* Products */,
			);
			sourceTree = "<group>";
		};
		54A23D082AC65625007A7554 /* Products */ = {
			isa = PBXGroup;
			children = (
				54A23D072AC65625007A7554 /* RealTime NFL.app */,
			);
			name = Products;
			sourceTree = "<group>";
		};
		54A23D092AC65625007A7554 /* RealTime NFL */ = {
			isa = PBXGroup;
			children = (
				54A23D2F2AD46B8E007A7554 /* Controllers */,
				54A23D302AD46DC0007A7554 /* Model */,
				54A23D0A2AC65625007A7554 /* AppDelegate.swift */,
				54A23D0C2AC65625007A7554 /* SceneDelegate.swift */,
				54A23D312AD46DFF007A7554 /* View */,
				54A23D162AC65626007A7554 /* Assets.xcassets */,
				54A23D182AC65626007A7554 /* LaunchScreen.storyboard */,
				54A23D1B2AC65626007A7554 /* Info.plist */,
				54A23D132AC65625007A7554 /* RealTime_NFL.xcdatamodeld */,
			);
			path = "RealTime NFL";
			sourceTree = "<group>";
		};
		54A23D2F2AD46B8E007A7554 /* Controllers */ = {
			isa = PBXGroup;
			children = (
				54A23D2D2ACFA7DB007A7554 /* TeamViewController.swift */,
				54A23D272ACCD9C5007A7554 /* HomeViewController.swift */,
				54A23D0E2AC65625007A7554 /* RosterViewController.swift */,
			);
			path = Controllers;
			sourceTree = "<group>";
		};
		54A23D302AD46DC0007A7554 /* Model */ = {
			isa = PBXGroup;
			children = (
				54A23D252AC670B7007A7554 /* CBError.swift */,
				54A23D232AC667B4007A7554 /* Player.swift */,
				54A23D292ACE6AE3007A7554 /* Team.swift */,
				54A23D2B2ACF0E4A007A7554 /* TeamsManager.swift */,
				54A23D212AC65E5B007A7554 /* NetworkManager.swift */,
			);
			path = Model;
			sourceTree = "<group>";
		};
		54A23D312AD46DFF007A7554 /* View */ = {
			isa = PBXGroup;
			children = (
				54A23D102AC65625007A7554 /* Main.storyboard */,
			);
			path = View;
			sourceTree = "<group>";
		};
/* End PBXGroup section */

/* Begin PBXNativeTarget section */
		54A23D062AC65625007A7554 /* RealTime NFL */ = {
			isa = PBXNativeTarget;
			buildConfigurationList = 54A23D1E2AC65626007A7554 /* Build configuration list for PBXNativeTarget "RealTime NFL" */;
			buildPhases = (
				54A23D032AC65625007A7554 /* Sources */,
				54A23D042AC65625007A7554 /* Frameworks */,
				54A23D052AC65625007A7554 /* Resources */,
			);
			buildRules = (
			);
			dependencies = (
			);
			name = "RealTime NFL";
			productName = "RealTime NFL";
			productReference = 54A23D072AC65625007A7554 /* RealTime NFL.app */;
			productType = "com.apple.product-type.application";
		};
/* End PBXNativeTarget section */

/* Begin PBXProject section */
		54A23CFF2AC65625007A7554 /* Project object */ = {
			isa = PBXProject;
			attributes = {
				BuildIndependentTargetsInParallel = 1;
				LastSwiftUpdateCheck = 1430;
				LastUpgradeCheck = 1430;
				TargetAttributes = {
					54A23D062AC65625007A7554 = {
						CreatedOnToolsVersion = 14.3.1;
					};
				};
			};
			buildConfigurationList = 54A23D022AC65625007A7554 /* Build configuration list for PBXProject "RealTime NFL" */;
			compatibilityVersion = "Xcode 14.0";
			developmentRegion = en;
			hasScannedForEncodings = 0;
			knownRegions = (
				en,
				Base,
			);
			mainGroup = 54A23CFE2AC65625007A7554;
			productRefGroup = 54A23D082AC65625007A7554 /* Products */;
			projectDirPath = "";
			projectRoot = "";
			targets = (
				54A23D062AC65625007A7554 /* RealTime NFL */,
			);
		};
/* End PBXProject section */

/* Begin PBXResourcesBuildPhase section */
		54A23D052AC65625007A7554 /* Resources */ = {
			isa = PBXResourcesBuildPhase;
			buildActionMask = 2147483647;
			files = (
				54A23D1A2AC65626007A7554 /* LaunchScreen.storyboard in Resources */,
				54A23D172AC65626007A7554 /* Assets.xcassets in Resources */,
				54A23D122AC65625007A7554 /* Main.storyboard in Resources */,
			);
			runOnlyForDeploymentPostprocessing = 0;
		};
/* End PBXResourcesBuildPhase section */

/* Begin PBXSourcesBuildPhase section */
		54A23D032AC65625007A7554 /* Sources */ = {
			isa = PBXSourcesBuildPhase;
			buildActionMask = 2147483647;
			files = (
				54A23D2A2ACE6AE3007A7554 /* Team.swift in Sources */,
				54A23D0F2AC65625007A7554 /* RosterViewController.swift in Sources */,
				54A23D262AC670B7007A7554 /* CBError.swift in Sources */,
				54A23D0B2AC65625007A7554 /* AppDelegate.swift in Sources */,
				54A23D282ACCD9C5007A7554 /* HomeViewController.swift in Sources */,
				54A23D222AC65E5B007A7554 /* NetworkManager.swift in Sources */,
				54A23D2C2ACF0E4A007A7554 /* TeamsManager.swift in Sources */,
				54A23D0D2AC65625007A7554 /* SceneDelegate.swift in Sources */,
				54A23D242AC667B4007A7554 /* Player.swift in Sources */,
				54A23D2E2ACFA7DB007A7554 /* TeamViewController.swift in Sources */,
				54A23D152AC65625007A7554 /* RealTime_NFL.xcdatamodeld in Sources */,
			);
			runOnlyForDeploymentPostprocessing = 0;
		};
/* End PBXSourcesBuildPhase section */

/* Begin PBXVariantGroup section */
		54A23D102AC65625007A7554 /* Main.storyboard */ = {
			isa = PBXVariantGroup;
			children = (
				54A23D112AC65625007A7554 /* Base */,
			);
			name = Main.storyboard;
			sourceTree = "<group>";
		};
		54A23D182AC65626007A7554 /* LaunchScreen.storyboard */ = {
			isa = PBXVariantGroup;
			children = (
				54A23D192AC65626007A7554 /* Base */,
			);
			name = LaunchScreen.storyboard;
			sourceTree = "<group>";
		};
/* End PBXVariantGroup section */

/* Begin XCBuildConfiguration section */
		54A23D1C2AC65626007A7554 /* Debug */ = {
			isa = XCBuildConfiguration;
			buildSettings = {
				ALWAYS_SEARCH_USER_PATHS = NO;
				CLANG_ANALYZER_NONNULL = YES;
				CLANG_ANALYZER_NUMBER_OBJECT_CONVERSION = YES_AGGRESSIVE;
				CLANG_CXX_LANGUAGE_STANDARD = "gnu++20";
				CLANG_ENABLE_MODULES = YES;
				CLANG_ENABLE_OBJC_ARC = YES;
				CLANG_ENABLE_OBJC_WEAK = YES;
				CLANG_WARN_BLOCK_CAPTURE_AUTORELEASING = YES;
				CLANG_WARN_BOOL_CONVERSION = YES;
				CLANG_WARN_COMMA = YES;
				CLANG_WARN_CONSTANT_CONVERSION = YES;
				CLANG_WARN_DEPRECATED_OBJC_IMPLEMENTATIONS = YES;
				CLANG_WARN_DIRECT_OBJC_ISA_USAGE = YES_ERROR;
				CLANG_WARN_DOCUMENTATION_COMMENTS = YES;
				CLANG_WARN_EMPTY_BODY = YES;
				CLANG_WARN_ENUM_CONVERSION = YES;
				CLANG_WARN_INFINITE_RECURSION = YES;
				CLANG_WARN_INT_CONVERSION = YES;
				CLANG_WARN_NON_LITERAL_NULL_CONVERSION = YES;
				CLANG_WARN_OBJC_IMPLICIT_RETAIN_SELF = YES;
				CLANG_WARN_OBJC_LITERAL_CONVERSION = YES;
				CLANG_WARN_OBJC_ROOT_CLASS = YES_ERROR;
				CLANG_WARN_QUOTED_INCLUDE_IN_FRAMEWORK_HEADER = YES;
				CLANG_WARN_RANGE_LOOP_ANALYSIS = YES;
				CLANG_WARN_STRICT_PROTOTYPES = YES;
				CLANG_WARN_SUSPICIOUS_MOVE = YES;
				CLANG_WARN_UNGUARDED_AVAILABILITY = YES_AGGRESSIVE;
				CLANG_WARN_UNREACHABLE_CODE = YES;
				CLANG_WARN__DUPLICATE_METHOD_MATCH = YES;
				COPY_PHASE_STRIP = NO;
				DEBUG_INFORMATION_FORMAT = dwarf;
				ENABLE_STRICT_OBJC_MSGSEND = YES;
				ENABLE_TESTABILITY = YES;
				GCC_C_LANGUAGE_STANDARD = gnu11;
				GCC_DYNAMIC_NO_PIC = NO;
				GCC_NO_COMMON_BLOCKS = YES;
				GCC_OPTIMIZATION_LEVEL = 0;
				GCC_PREPROCESSOR_DEFINITIONS = (
					"DEBUG=1",
					"$(inherited)",
				);
				GCC_WARN_64_TO_32_BIT_CONVERSION = YES;
				GCC_WARN_ABOUT_RETURN_TYPE = YES_ERROR;
				GCC_WARN_UNDECLARED_SELECTOR = YES;
				GCC_WARN_UNINITIALIZED_AUTOS = YES_AGGRESSIVE;
				GCC_WARN_UNUSED_FUNCTION = YES;
				GCC_WARN_UNUSED_VARIABLE = YES;
				IPHONEOS_DEPLOYMENT_TARGET = 16.4;
				MTL_ENABLE_DEBUG_INFO = INCLUDE_SOURCE;
				MTL_FAST_MATH = YES;
				ONLY_ACTIVE_ARCH = YES;
				SDKROOT = iphoneos;
				SWIFT_ACTIVE_COMPILATION_CONDITIONS = DEBUG;
				SWIFT_OPTIMIZATION_LEVEL = "-Onone";
			};
			name = Debug;
		};
		54A23D1D2AC65626007A7554 /* Release */ = {
			isa = XCBuildConfiguration;
			buildSettings = {
				ALWAYS_SEARCH_USER_PATHS = NO;
				CLANG_ANALYZER_NONNULL = YES;
				CLANG_ANALYZER_NUMBER_OBJECT_CONVERSION = YES_AGGRESSIVE;
				CLANG_CXX_LANGUAGE_STANDARD = "gnu++20";
				CLANG_ENABLE_MODULES = YES;
				CLANG_ENABLE_OBJC_ARC = YES;
				CLANG_ENABLE_OBJC_WEAK = YES;
				CLANG_WARN_BLOCK_CAPTURE_AUTORELEASING = YES;
				CLANG_WARN_BOOL_CONVERSION = YES;
				CLANG_WARN_COMMA = YES;
				CLANG_WARN_CONSTANT_CONVERSION = YES;
				CLANG_WARN_DEPRECATED_OBJC_IMPLEMENTATIONS = YES;
				CLANG_WARN_DIRECT_OBJC_ISA_USAGE = YES_ERROR;
				CLANG_WARN_DOCUMENTATION_COMMENTS = YES;
				CLANG_WARN_EMPTY_BODY = YES;
				CLANG_WARN_ENUM_CONVERSION = YES;
				CLANG_WARN_INFINITE_RECURSION = YES;
				CLANG_WARN_INT_CONVERSION = YES;
				CLANG_WARN_NON_LITERAL_NULL_CONVERSION = YES;
				CLANG_WARN_OBJC_IMPLICIT_RETAIN_SELF = YES;
				CLANG_WARN_OBJC_LITERAL_CONVERSION = YES;
				CLANG_WARN_OBJC_ROOT_CLASS = YES_ERROR;
				CLANG_WARN_QUOTED_INCLUDE_IN_FRAMEWORK_HEADER = YES;
				CLANG_WARN_RANGE_LOOP_ANALYSIS = YES;
				CLANG_WARN_STRICT_PROTOTYPES = YES;
				CLANG_WARN_SUSPICIOUS_MOVE = YES;
				CLANG_WARN_UNGUARDED_AVAILABILITY = YES_AGGRESSIVE;
				CLANG_WARN_UNREACHABLE_CODE = YES;
				CLANG_WARN__DUPLICATE_METHOD_MATCH = YES;
				COPY_PHASE_STRIP = NO;
				DEBUG_INFORMATION_FORMAT = "dwarf-with-dsym";
				ENABLE_NS_ASSERTIONS = NO;
				ENABLE_STRICT_OBJC_MSGSEND = YES;
				GCC_C_LANGUAGE_STANDARD = gnu11;
				GCC_NO_COMMON_BLOCKS = YES;
				GCC_WARN_64_TO_32_BIT_CONVERSION = YES;
				GCC_WARN_ABOUT_RETURN_TYPE = YES_ERROR;
				GCC_WARN_UNDECLARED_SELECTOR = YES;
				GCC_WARN_UNINITIALIZED_AUTOS = YES_AGGRESSIVE;
				GCC_WARN_UNUSED_FUNCTION = YES;
				GCC_WARN_UNUSED_VARIABLE = YES;
				IPHONEOS_DEPLOYMENT_TARGET = 16.4;
				MTL_ENABLE_DEBUG_INFO = NO;
				MTL_FAST_MATH = YES;
				SDKROOT = iphoneos;
				SWIFT_COMPILATION_MODE = wholemodule;
				SWIFT_OPTIMIZATION_LEVEL = "-O";
				VALIDATE_PRODUCT = YES;
			};
			name = Release;
		};
		54A23D1F2AC65626007A7554 /* Debug */ = {
			isa = XCBuildConfiguration;
			buildSettings = {
				ASSETCATALOG_COMPILER_APPICON_NAME = AppIcon;
				ASSETCATALOG_COMPILER_GLOBAL_ACCENT_COLOR_NAME = AccentColor;
				CODE_SIGN_STYLE = Automatic;
				CURRENT_PROJECT_VERSION = 1;
				GENERATE_INFOPLIST_FILE = YES;
				INFOPLIST_FILE = "RealTime NFL/Info.plist";
				INFOPLIST_KEY_UIApplicationSupportsIndirectInputEvents = YES;
				INFOPLIST_KEY_UILaunchStoryboardName = LaunchScreen;
				INFOPLIST_KEY_UIMainStoryboardFile = Main;
				INFOPLIST_KEY_UISupportedInterfaceOrientations_iPad = "UIInterfaceOrientationPortrait UIInterfaceOrientationPortraitUpsideDown UIInterfaceOrientationLandscapeLeft UIInterfaceOrientationLandscapeRight";
				INFOPLIST_KEY_UISupportedInterfaceOrientations_iPhone = "UIInterfaceOrientationPortrait UIInterfaceOrientationLandscapeLeft UIInterfaceOrientationLandscapeRight";
				LD_RUNPATH_SEARCH_PATHS = (
					"$(inherited)",
					"@executable_path/Frameworks",
				);
				MARKETING_VERSION = 1.0;
				PRODUCT_BUNDLE_IDENTIFIER = "com.nuknuk.RealTime-NFL";
				PRODUCT_NAME = "$(TARGET_NAME)";
				SWIFT_EMIT_LOC_STRINGS = YES;
				SWIFT_VERSION = 5.0;
				TARGETED_DEVICE_FAMILY = "1,2";
			};
			name = Debug;
		};
		54A23D202AC65626007A7554 /* Release */ = {
			isa = XCBuildConfiguration;
			buildSettings = {
				ASSETCATALOG_COMPILER_APPICON_NAME = AppIcon;
				ASSETCATALOG_COMPILER_GLOBAL_ACCENT_COLOR_NAME = AccentColor;
				CODE_SIGN_STYLE = Automatic;
				CURRENT_PROJECT_VERSION = 1;
				GENERATE_INFOPLIST_FILE = YES;
				INFOPLIST_FILE = "RealTime NFL/Info.plist";
				INFOPLIST_KEY_UIApplicationSupportsIndirectInputEvents = YES;
				INFOPLIST_KEY_UILaunchStoryboardName = LaunchScreen;
				INFOPLIST_KEY_UIMainStoryboardFile = Main;
				INFOPLIST_KEY_UISupportedInterfaceOrientations_iPad = "UIInterfaceOrientationPortrait UIInterfaceOrientationPortraitUpsideDown UIInterfaceOrientationLandscapeLeft UIInterfaceOrientationLandscapeRight";
				INFOPLIST_KEY_UISupportedInterfaceOrientations_iPhone = "UIInterfaceOrientationPortrait UIInterfaceOrientationLandscapeLeft UIInterfaceOrientationLandscapeRight";
				LD_RUNPATH_SEARCH_PATHS = (
					"$(inherited)",
					"@executable_path/Frameworks",
				);
				MARKETING_VERSION = 1.0;
				PRODUCT_BUNDLE_IDENTIFIER = "com.nuknuk.RealTime-NFL";
				PRODUCT_NAME = "$(TARGET_NAME)";
				SWIFT_EMIT_LOC_STRINGS = YES;
				SWIFT_VERSION = 5.0;
				TARGETED_DEVICE_FAMILY = "1,2";
			};
			name = Release;
		};
/* End XCBuildConfiguration section */

/* Begin XCConfigurationList section */
		54A23D022AC65625007A7554 /* Build configuration list for PBXProject "RealTime NFL" */ = {
			isa = XCConfigurationList;
			buildConfigurations = (
				54A23D1C2AC65626007A7554 /* Debug */,
				54A23D1D2AC65626007A7554 /* Release */,
			);
			defaultConfigurationIsVisible = 0;
			defaultConfigurationName = Release;
		};
		54A23D1E2AC65626007A7554 /* Build configuration list for PBXNativeTarget "RealTime NFL" */ = {
			isa = XCConfigurationList;
			buildConfigurations = (
				54A23D1F2AC65626007A7554 /* Debug */,
				54A23D202AC65626007A7554 /* Release */,
			);
			defaultConfigurationIsVisible = 0;
			defaultConfigurationName = Release;
		};
/* End XCConfigurationList section */

/* Begin XCVersionGroup section */
		54A23D132AC65625007A7554 /* RealTime_NFL.xcdatamodeld */ = {
			isa = XCVersionGroup;
			children = (
				54A23D142AC65625007A7554 /* RealTime_NFL.xcdatamodel */,
			);
			currentVersion = 54A23D142AC65625007A7554 /* RealTime_NFL.xcdatamodel */;
			path = RealTime_NFL.xcdatamodeld;
			sourceTree = "<group>";
			versionGroupType = wrapper.xcdatamodel;
		};
/* End XCVersionGroup section */
	};
	rootObject = 54A23CFF2AC65625007A7554 /* Project object */;
}
